
Microsoft Visual Studio Solution File, Format Version 12.00
# Visual Studio 14
VisualStudioVersion = 14.0.25420.1
MinimumVisualStudioVersion = 10.0.40219.1
Project("{FAE04EC0-301F-11D3-BF4B-00C04F79EFBC}") = "CustomServices", "CustomServices\CustomServices.csproj", "{D6639DC0-6A43-431E-BD94-5FAEDCD18B6A}"
EndProject
Project("{FAE04EC0-301F-11D3-BF4B-00C04F79EFBC}") = "Client", "Client\Client.csproj", "{F55B9B99-7E59-46A0-9A97-59B46A8474DF}"
EndProject
Project("{FAE04EC0-301F-11D3-BF4B-00C04F79EFBC}") = "Server", "Server\Server.csproj", "{0A937FEA-8913-465A-A7CA-B2C74BCD4EF7}"
EndProject
Project("{FAE04EC0-301F-11D3-BF4B-00C04F79EFBC}") = "ServiceFactory", "ServiceFactory\ServiceFactory.csproj", "{52A9B536-F11C-4372-BCAD-17467BF03672}"
EndProject
Global
	GlobalSection(SolutionConfigurationPlatforms) = preSolution
		Debug|Any CPU = Debug|Any CPU
		Release|Any CPU = Release|Any CPU
	EndGlobalSection
	GlobalSection(ProjectConfigurationPlatforms) = postSolution
		{D6639DC0-6A43-431E-BD94-5FAEDCD18B6A}.Debug|Any CPU.ActiveCfg = Debug|Any CPU
		{D6639DC0-6A43-431E-BD94-5FAEDCD18B6A}.Debug|Any CPU.Build.0 = Debug|Any CPU
		{D6639DC0-6A43-431E-BD94-5FAEDCD18B6A}.Release|Any CPU.ActiveCfg = Release|Any CPU
		{D6639DC0-6A43-431E-BD94-5FAEDCD18B6A}.Release|Any CPU.Build.0 = Release|Any CPU
		{F55B9B99-7E59-46A0-9A97-59B46A8474DF}.Debug|Any CPU.ActiveCfg = Debug|Any CPU
		{F55B9B99-7E59-46A0-9A97-59B46A8474DF}.Debug|Any CPU.Build.0 = Debug|Any CPU
		{F55B9B99-7E59-46A0-9A97-59B46A8474DF}.Release|Any CPU.ActiveCfg = Release|Any CPU
		{F55B9B99-7E59-46A0-9A97-59B46A8474DF}.Release|Any CPU.Build.0 = Release|Any CPU
		{0A937FEA-8913-465A-A7CA-B2C74BCD4EF7}.Debug|Any CPU.ActiveCfg = Debug|Any CPU
		{0A937FEA-8913-465A-A7CA-B2C74BCD4EF7}.Debug|Any CPU.Build.0 = Debug|Any CPU
		{0A937FEA-8913-465A-A7CA-B2C74BCD4EF7}.Release|Any CPU.ActiveCfg = Release|Any CPU
		{0A937FEA-8913-465A-A7CA-B2C74BCD4EF7}.Release|Any CPU.Build.0 = Release|Any CPU
		{52A9B536-F11C-4372-BCAD-17467BF03672}.Debug|Any CPU.ActiveCfg = Debug|Any CPU
		{52A9B536-F11C-4372-BCAD-17467BF03672}.Debug|Any CPU.Build.0 = Debug|Any CPU
		{52A9B536-F11C-4372-BCAD-17467BF03672}.Release|Any CPU.ActiveCfg = Release|Any CPU
		{52A9B536-F11C-4372-BCAD-17467BF03672}.Release|Any CPU.Build.0 = Release|Any CPU
	EndGlobalSection
	GlobalSection(SolutionProperties) = preSolution
		HideSolutionNode = FALSE
	EndGlobalSection
EndGlobal
